
Microsoft Visual Studio Solution File, Format Version 12.00
# Visual Studio Version 16
VisualStudioVersion = 16.0.29418.71
MinimumVisualStudioVersion = 10.0.40219.1
Project("{FAE04EC0-301F-11D3-BF4B-00C04F79EFBC}") = "PortalWebTrabajos", "PortalWebTrabajos\PortalWebTrabajos.csproj", "{377DEBAB-0AB3-4350-A3B9-5F6C91E0B59A}"
EndProject
Global
	GlobalSection(SolutionConfigurationPlatforms) = preSolution
		Debug|Any CPU = Debug|Any CPU
		Release|Any CPU = Release|Any CPU
	EndGlobalSection
	GlobalSection(ProjectConfigurationPlatforms) = postSolution
		{377DEBAB-0AB3-4350-A3B9-5F6C91E0B59A}.Debug|Any CPU.ActiveCfg = Debug|Any CPU
		{377DEBAB-0AB3-4350-A3B9-5F6C91E0B59A}.Debug|Any CPU.Build.0 = Debug|Any CPU
		{377DEBAB-0AB3-4350-A3B9-5F6C91E0B59A}.Release|Any CPU.ActiveCfg = Release|Any CPU
		{377DEBAB-0AB3-4350-A3B9-5F6C91E0B59A}.Release|Any CPU.Build.0 = Release|Any CPU
	EndGlobalSection
	GlobalSection(SolutionProperties) = preSolution
		HideSolutionNode = FALSE
	EndGlobalSection
	GlobalSection(ExtensibilityGlobals) = postSolution
		SolutionGuid = {1FF0D00E-484D-4122-A91B-B3C49F047A20}
	EndGlobalSection
EndGlobal
